// !$*UTF8*$!
{
	archiveVersion = 1;
	classes = {
	};
	objectVersion = 50;
	objects = {

/* Begin PBXBuildFile section */
		1B0893D825518BAC002FE163 /* AppDelegate.swift in Sources */ = {isa = PBXBuildFile; fileRef = 1B0893D725518BAC002FE163 /* AppDelegate.swift */; };
		1B0893DA25518BAC002FE163 /* SceneDelegate.swift in Sources */ = {isa = PBXBuildFile; fileRef = 1B0893D925518BAC002FE163 /* SceneDelegate.swift */; };
		1B0893DC25518BAC002FE163 /* ViewController.swift in Sources */ = {isa = PBXBuildFile; fileRef = 1B0893DB25518BAC002FE163 /* ViewController.swift */; };
		1B0893DF25518BAC002FE163 /* Main.storyboard in Resources */ = {isa = PBXBuildFile; fileRef = 1B0893DD25518BAC002FE163 /* Main.storyboard */; };
		1B0893E225518BAC002FE163 /* Cash.xcdatamodeld in Sources */ = {isa = PBXBuildFile; fileRef = 1B0893E025518BAC002FE163 /* Cash.xcdatamodeld */; };
		1B0893E425518BAF002FE163 /* Assets.xcassets in Resources */ = {isa = PBXBuildFile; fileRef = 1B0893E325518BAF002FE163 /* Assets.xcassets */; };
		1B0893E725518BAF002FE163 /* LaunchScreen.storyboard in Resources */ = {isa = PBXBuildFile; fileRef = 1B0893E525518BAF002FE163 /* LaunchScreen.storyboard */; };
		1B0893F225518BB0002FE163 /* CashTests.swift in Sources */ = {isa = PBXBuildFile; fileRef = 1B0893F125518BB0002FE163 /* CashTests.swift */; };
		1B0893FD25518BB0002FE163 /* CashUITests.swift in Sources */ = {isa = PBXBuildFile; fileRef = 1B0893FC25518BB0002FE163 /* CashUITests.swift */; };
		1B867BBB255447560058D739 /* TableViewController.swift in Sources */ = {isa = PBXBuildFile; fileRef = 1B867BBA255447560058D739 /* TableViewController.swift */; };
		1B867BC325545F840058D739 /* CashCell.swift in Sources */ = {isa = PBXBuildFile; fileRef = 1B867BC225545F840058D739 /* CashCell.swift */; };
		1B8B5EA92553FDA300508F05 /* Nib.swift in Sources */ = {isa = PBXBuildFile; fileRef = 1B8B5EA82553FDA300508F05 /* Nib.swift */; };
		1BB52FC72624443200E4D433 /* SingleFetchResultController.swift in Sources */ = {isa = PBXBuildFile; fileRef = 1BB52FC62624443200E4D433 /* SingleFetchResultController.swift */; };
		1BECA9142552DC400039ECA5 /* AlertView.xib in Resources */ = {isa = PBXBuildFile; fileRef = 1BECA9132552DC400039ECA5 /* AlertView.xib */; };
		1BECA9192552E9860039ECA5 /* AlertButton.swift in Sources */ = {isa = PBXBuildFile; fileRef = 1BECA9182552E9860039ECA5 /* AlertButton.swift */; };
		1BECA91E2552F3E60039ECA5 /* AlertView.swift in Sources */ = {isa = PBXBuildFile; fileRef = 1BECA91D2552F3E50039ECA5 /* AlertView.swift */; };
		B6C142A42629E6BF00F5C860 /* Account+EntityNameProviding.swift in Sources */ = {isa = PBXBuildFile; fileRef = B6C142A32629E6BE00F5C860 /* Account+EntityNameProviding.swift */; };
/* End PBXBuildFile section */

/* Begin PBXContainerItemProxy section */
		1B0893EE25518BB0002FE163 /* PBXContainerItemProxy */ = {
			isa = PBXContainerItemProxy;
			containerPortal = 1B0893CC25518BAC002FE163 /* Project object */;
			proxyType = 1;
			remoteGlobalIDString = 1B0893D325518BAC002FE163;
			remoteInfo = Cash;
		};
		1B0893F925518BB0002FE163 /* PBXContainerItemProxy */ = {
			isa = PBXContainerItemProxy;
			containerPortal = 1B0893CC25518BAC002FE163 /* Project object */;
			proxyType = 1;
			remoteGlobalIDString = 1B0893D325518BAC002FE163;
			remoteInfo = Cash;
		};
/* End PBXContainerItemProxy section */

/* Begin PBXFileReference section */
		1B0893D425518BAC002FE163 /* Cash.app */ = {isa = PBXFileReference; explicitFileType = wrapper.application; includeInIndex = 0; path = Cash.app; sourceTree = BUILT_PRODUCTS_DIR; };
		1B0893D725518BAC002FE163 /* AppDelegate.swift */ = {isa = PBXFileReference; lastKnownFileType = sourcecode.swift; path = AppDelegate.swift; sourceTree = "<group>"; };
		1B0893D925518BAC002FE163 /* SceneDelegate.swift */ = {isa = PBXFileReference; lastKnownFileType = sourcecode.swift; path = SceneDelegate.swift; sourceTree = "<group>"; };
		1B0893DB25518BAC002FE163 /* ViewController.swift */ = {isa = PBXFileReference; lastKnownFileType = sourcecode.swift; path = ViewController.swift; sourceTree = "<group>"; };
		1B0893DE25518BAC002FE163 /* Base */ = {isa = PBXFileReference; lastKnownFileType = file.storyboard; name = Base; path = Base.lproj/Main.storyboard; sourceTree = "<group>"; };
		1B0893E125518BAC002FE163 /* Cash.xcdatamodel */ = {isa = PBXFileReference; lastKnownFileType = wrapper.xcdatamodel; path = Cash.xcdatamodel; sourceTree = "<group>"; };
		1B0893E325518BAF002FE163 /* Assets.xcassets */ = {isa = PBXFileReference; lastKnownFileType = folder.assetcatalog; path = Assets.xcassets; sourceTree = "<group>"; };
		1B0893E625518BAF002FE163 /* Base */ = {isa = PBXFileReference; lastKnownFileType = file.storyboard; name = Base; path = Base.lproj/LaunchScreen.storyboard; sourceTree = "<group>"; };
		1B0893E825518BAF002FE163 /* Info.plist */ = {isa = PBXFileReference; lastKnownFileType = text.plist.xml; path = Info.plist; sourceTree = "<group>"; };
		1B0893ED25518BB0002FE163 /* CashTests.xctest */ = {isa = PBXFileReference; explicitFileType = wrapper.cfbundle; includeInIndex = 0; path = CashTests.xctest; sourceTree = BUILT_PRODUCTS_DIR; };
		1B0893F125518BB0002FE163 /* CashTests.swift */ = {isa = PBXFileReference; lastKnownFileType = sourcecode.swift; path = CashTests.swift; sourceTree = "<group>"; };
		1B0893F325518BB0002FE163 /* Info.plist */ = {isa = PBXFileReference; lastKnownFileType = text.plist.xml; path = Info.plist; sourceTree = "<group>"; };
		1B0893F825518BB0002FE163 /* CashUITests.xctest */ = {isa = PBXFileReference; explicitFileType = wrapper.cfbundle; includeInIndex = 0; path = CashUITests.xctest; sourceTree = BUILT_PRODUCTS_DIR; };
		1B0893FC25518BB0002FE163 /* CashUITests.swift */ = {isa = PBXFileReference; lastKnownFileType = sourcecode.swift; path = CashUITests.swift; sourceTree = "<group>"; };
		1B0893FE25518BB0002FE163 /* Info.plist */ = {isa = PBXFileReference; lastKnownFileType = text.plist.xml; path = Info.plist; sourceTree = "<group>"; };
		1B867BBA255447560058D739 /* TableViewController.swift */ = {isa = PBXFileReference; lastKnownFileType = sourcecode.swift; path = TableViewController.swift; sourceTree = "<group>"; };
		1B867BC225545F840058D739 /* CashCell.swift */ = {isa = PBXFileReference; lastKnownFileType = sourcecode.swift; path = CashCell.swift; sourceTree = "<group>"; };
		1B8B5EA82553FDA300508F05 /* Nib.swift */ = {isa = PBXFileReference; lastKnownFileType = sourcecode.swift; path = Nib.swift; sourceTree = "<group>"; };
		1BB52FC62624443200E4D433 /* SingleFetchResultController.swift */ = {isa = PBXFileReference; lastKnownFileType = sourcecode.swift; path = SingleFetchResultController.swift; sourceTree = "<group>"; };
		1BECA9132552DC400039ECA5 /* AlertView.xib */ = {isa = PBXFileReference; lastKnownFileType = file.xib; path = AlertView.xib; sourceTree = "<group>"; };
		1BECA9182552E9860039ECA5 /* AlertButton.swift */ = {isa = PBXFileReference; lastKnownFileType = sourcecode.swift; path = AlertButton.swift; sourceTree = "<group>"; };
		1BECA91D2552F3E50039ECA5 /* AlertView.swift */ = {isa = PBXFileReference; lastKnownFileType = sourcecode.swift; path = AlertView.swift; sourceTree = "<group>"; };
		B6C142A32629E6BE00F5C860 /* Account+EntityNameProviding.swift */ = {isa = PBXFileReference; lastKnownFileType = sourcecode.swift; path = "Account+EntityNameProviding.swift"; sourceTree = "<group>"; };
/* End PBXFileReference section */

/* Begin PBXFrameworksBuildPhase section */
		1B0893D125518BAC002FE163 /* Frameworks */ = {
			isa = PBXFrameworksBuildPhase;
			buildActionMask = 2147483647;
			files = (
			);
			runOnlyForDeploymentPostprocessing = 0;
		};
		1B0893EA25518BB0002FE163 /* Frameworks */ = {
			isa = PBXFrameworksBuildPhase;
			buildActionMask = 2147483647;
			files = (
			);
			runOnlyForDeploymentPostprocessing = 0;
		};
		1B0893F525518BB0002FE163 /* Frameworks */ = {
			isa = PBXFrameworksBuildPhase;
			buildActionMask = 2147483647;
			files = (
			);
			runOnlyForDeploymentPostprocessing = 0;
		};
/* End PBXFrameworksBuildPhase section */

/* Begin PBXGroup section */
		1B0893CB25518BAC002FE163 = {
			isa = PBXGroup;
			children = (
				1B0893D625518BAC002FE163 /* Cash */,
				1B0893F025518BB0002FE163 /* CashTests */,
				1B0893FB25518BB0002FE163 /* CashUITests */,
				1B0893D525518BAC002FE163 /* Products */,
			);
			sourceTree = "<group>";
		};
		1B0893D525518BAC002FE163 /* Products */ = {
			isa = PBXGroup;
			children = (
				1B0893D425518BAC002FE163 /* Cash.app */,
				1B0893ED25518BB0002FE163 /* CashTests.xctest */,
				1B0893F825518BB0002FE163 /* CashUITests.xctest */,
			);
			name = Products;
			sourceTree = "<group>";
		};
		1B0893D625518BAC002FE163 /* Cash */ = {
			isa = PBXGroup;
			children = (
				1B0893D725518BAC002FE163 /* AppDelegate.swift */,
				1B0893D925518BAC002FE163 /* SceneDelegate.swift */,
				1BB52FC62624443200E4D433 /* SingleFetchResultController.swift */,
				1B0893DB25518BAC002FE163 /* ViewController.swift */,
				1B867BBA255447560058D739 /* TableViewController.swift */,
				1B867BC225545F840058D739 /* CashCell.swift */,
				1BECA91D2552F3E50039ECA5 /* AlertView.swift */,
				1B8B5EA82553FDA300508F05 /* Nib.swift */,
				1B0893DD25518BAC002FE163 /* Main.storyboard */,
				1BECA9132552DC400039ECA5 /* AlertView.xib */,
				1BECA9182552E9860039ECA5 /* AlertButton.swift */,
				1B0893E325518BAF002FE163 /* Assets.xcassets */,
				1B0893E525518BAF002FE163 /* LaunchScreen.storyboard */,
				1B0893E825518BAF002FE163 /* Info.plist */,
				1B0893E025518BAC002FE163 /* Cash.xcdatamodeld */,
				B6C142A32629E6BE00F5C860 /* Account+EntityNameProviding.swift */,
			);
			path = Cash;
			sourceTree = "<group>";
		};
		1B0893F025518BB0002FE163 /* CashTests */ = {
			isa = PBXGroup;
			children = (
				1B0893F125518BB0002FE163 /* CashTests.swift */,
				1B0893F325518BB0002FE163 /* Info.plist */,
			);
			path = CashTests;
			sourceTree = "<group>";
		};
		1B0893FB25518BB0002FE163 /* CashUITests */ = {
			isa = PBXGroup;
			children = (
				1B0893FC25518BB0002FE163 /* CashUITests.swift */,
				1B0893FE25518BB0002FE163 /* Info.plist */,
			);
			path = CashUITests;
			sourceTree = "<group>";
		};
/* End PBXGroup section */

/* Begin PBXNativeTarget section */
		1B0893D325518BAC002FE163 /* Cash */ = {
			isa = PBXNativeTarget;
			buildConfigurationList = 1B08940125518BB0002FE163 /* Build configuration list for PBXNativeTarget "Cash" */;
			buildPhases = (
				1B0893D025518BAC002FE163 /* Sources */,
				1B0893D125518BAC002FE163 /* Frameworks */,
				1B0893D225518BAC002FE163 /* Resources */,
			);
			buildRules = (
			);
			dependencies = (
			);
			name = Cash;
			productName = Cash;
			productReference = 1B0893D425518BAC002FE163 /* Cash.app */;
			productType = "com.apple.product-type.application";
		};
		1B0893EC25518BB0002FE163 /* CashTests */ = {
			isa = PBXNativeTarget;
			buildConfigurationList = 1B08940425518BB0002FE163 /* Build configuration list for PBXNativeTarget "CashTests" */;
			buildPhases = (
				1B0893E925518BB0002FE163 /* Sources */,
				1B0893EA25518BB0002FE163 /* Frameworks */,
				1B0893EB25518BB0002FE163 /* Resources */,
			);
			buildRules = (
			);
			dependencies = (
				1B0893EF25518BB0002FE163 /* PBXTargetDependency */,
			);
			name = CashTests;
			productName = CashTests;
			productReference = 1B0893ED25518BB0002FE163 /* CashTests.xctest */;
			productType = "com.apple.product-type.bundle.unit-test";
		};
		1B0893F725518BB0002FE163 /* CashUITests */ = {
			isa = PBXNativeTarget;
			buildConfigurationList = 1B08940725518BB0002FE163 /* Build configuration list for PBXNativeTarget "CashUITests" */;
			buildPhases = (
				1B0893F425518BB0002FE163 /* Sources */,
				1B0893F525518BB0002FE163 /* Frameworks */,
				1B0893F625518BB0002FE163 /* Resources */,
			);
			buildRules = (
			);
			dependencies = (
				1B0893FA25518BB0002FE163 /* PBXTargetDependency */,
			);
			name = CashUITests;
			productName = CashUITests;
			productReference = 1B0893F825518BB0002FE163 /* CashUITests.xctest */;
			productType = "com.apple.product-type.bundle.ui-testing";
		};
/* End PBXNativeTarget section */

/* Begin PBXProject section */
		1B0893CC25518BAC002FE163 /* Project object */ = {
			isa = PBXProject;
			attributes = {
				LastSwiftUpdateCheck = 1210;
				LastUpgradeCheck = 1210;
				TargetAttributes = {
					1B0893D325518BAC002FE163 = {
						CreatedOnToolsVersion = 12.1;
					};
					1B0893EC25518BB0002FE163 = {
						CreatedOnToolsVersion = 12.1;
						TestTargetID = 1B0893D325518BAC002FE163;
					};
					1B0893F725518BB0002FE163 = {
						CreatedOnToolsVersion = 12.1;
						TestTargetID = 1B0893D325518BAC002FE163;
					};
				};
			};
			buildConfigurationList = 1B0893CF25518BAC002FE163 /* Build configuration list for PBXProject "Cash" */;
			compatibilityVersion = "Xcode 9.3";
			developmentRegion = en;
			hasScannedForEncodings = 0;
			knownRegions = (
				en,
				Base,
			);
			mainGroup = 1B0893CB25518BAC002FE163;
			productRefGroup = 1B0893D525518BAC002FE163 /* Products */;
			projectDirPath = "";
			projectRoot = "";
			targets = (
				1B0893D325518BAC002FE163 /* Cash */,
				1B0893EC25518BB0002FE163 /* CashTests */,
				1B0893F725518BB0002FE163 /* CashUITests */,
			);
		};
/* End PBXProject section */

/* Begin PBXResourcesBuildPhase section */
		1B0893D225518BAC002FE163 /* Resources */ = {
			isa = PBXResourcesBuildPhase;
			buildActionMask = 2147483647;
			files = (
				1B0893E725518BAF002FE163 /* LaunchScreen.storyboard in Resources */,
				1BECA9142552DC400039ECA5 /* AlertView.xib in Resources */,
				1B0893E425518BAF002FE163 /* Assets.xcassets in Resources */,
				1B0893DF25518BAC002FE163 /* Main.storyboard in Resources */,
			);
			runOnlyForDeploymentPostprocessing = 0;
		};
		1B0893EB25518BB0002FE163 /* Resources */ = {
			isa = PBXResourcesBuildPhase;
			buildActionMask = 2147483647;
			files = (
			);
			runOnlyForDeploymentPostprocessing = 0;
		};
		1B0893F625518BB0002FE163 /* Resources */ = {
			isa = PBXResourcesBuildPhase;
			buildActionMask = 2147483647;
			files = (
			);
			runOnlyForDeploymentPostprocessing = 0;
		};
/* End PBXResourcesBuildPhase section */

/* Begin PBXSourcesBuildPhase section */
		1B0893D025518BAC002FE163 /* Sources */ = {
			isa = PBXSourcesBuildPhase;
			buildActionMask = 2147483647;
			files = (
				1B867BBB255447560058D739 /* TableViewController.swift in Sources */,
				1B0893E225518BAC002FE163 /* Cash.xcdatamodeld in Sources */,
				1B0893DC25518BAC002FE163 /* ViewController.swift in Sources */,
				1B8B5EA92553FDA300508F05 /* Nib.swift in Sources */,
				1B0893D825518BAC002FE163 /* AppDelegate.swift in Sources */,
				1B0893DA25518BAC002FE163 /* SceneDelegate.swift in Sources */,
				1BECA9192552E9860039ECA5 /* AlertButton.swift in Sources */,
				B6C142A42629E6BF00F5C860 /* Account+EntityNameProviding.swift in Sources */,
				1BB52FC72624443200E4D433 /* SingleFetchResultController.swift in Sources */,
				1BECA91E2552F3E60039ECA5 /* AlertView.swift in Sources */,
				1B867BC325545F840058D739 /* CashCell.swift in Sources */,
			);
			runOnlyForDeploymentPostprocessing = 0;
		};
		1B0893E925518BB0002FE163 /* Sources */ = {
			isa = PBXSourcesBuildPhase;
			buildActionMask = 2147483647;
			files = (
				1B0893F225518BB0002FE163 /* CashTests.swift in Sources */,
			);
			runOnlyForDeploymentPostprocessing = 0;
		};
		1B0893F425518BB0002FE163 /* Sources */ = {
			isa = PBXSourcesBuildPhase;
			buildActionMask = 2147483647;
			files = (
				1B0893FD25518BB0002FE163 /* CashUITests.swift in Sources */,
			);
			runOnlyForDeploymentPostprocessing = 0;
		};
/* End PBXSourcesBuildPhase section */

/* Begin PBXTargetDependency section */
		1B0893EF25518BB0002FE163 /* PBXTargetDependency */ = {
			isa = PBXTargetDependency;
			target = 1B0893D325518BAC002FE163 /* Cash */;
			targetProxy = 1B0893EE25518BB0002FE163 /* PBXContainerItemProxy */;
		};
		1B0893FA25518BB0002FE163 /* PBXTargetDependency */ = {
			isa = PBXTargetDependency;
			target = 1B0893D325518BAC002FE163 /* Cash */;
			targetProxy = 1B0893F925518BB0002FE163 /* PBXContainerItemProxy */;
		};
/* End PBXTargetDependency section */

/* Begin PBXVariantGroup section */
		1B0893DD25518BAC002FE163 /* Main.storyboard */ = {
			isa = PBXVariantGroup;
			children = (
				1B0893DE25518BAC002FE163 /* Base */,
			);
			name = Main.storyboard;
			sourceTree = "<group>";
		};
		1B0893E525518BAF002FE163 /* LaunchScreen.storyboard */ = {
			isa = PBXVariantGroup;
			children = (
				1B0893E625518BAF002FE163 /* Base */,
			);
			name = LaunchScreen.storyboard;
			sourceTree = "<group>";
		};
/* End PBXVariantGroup section */

/* Begin XCBuildConfiguration section */
		1B0893FF25518BB0002FE163 /* Debug */ = {
			isa = XCBuildConfiguration;
			buildSettings = {
				ALWAYS_SEARCH_USER_PATHS = NO;
				CLANG_ANALYZER_NONNULL = YES;
				CLANG_ANALYZER_NUMBER_OBJECT_CONVERSION = YES_AGGRESSIVE;
				CLANG_CXX_LANGUAGE_STANDARD = "gnu++14";
				CLANG_CXX_LIBRARY = "libc++";
				CLANG_ENABLE_MODULES = YES;
				CLANG_ENABLE_OBJC_ARC = YES;
				CLANG_ENABLE_OBJC_WEAK = YES;
				CLANG_WARN_BLOCK_CAPTURE_AUTORELEASING = YES;
				CLANG_WARN_BOOL_CONVERSION = YES;
				CLANG_WARN_COMMA = YES;
				CLANG_WARN_CONSTANT_CONVERSION = YES;
				CLANG_WARN_DEPRECATED_OBJC_IMPLEMENTATIONS = YES;
				CLANG_WARN_DIRECT_OBJC_ISA_USAGE = YES_ERROR;
				CLANG_WARN_DOCUMENTATION_COMMENTS = YES;
				CLANG_WARN_EMPTY_BODY = YES;
				CLANG_WARN_ENUM_CONVERSION = YES;
				CLANG_WARN_INFINITE_RECURSION = YES;
				CLANG_WARN_INT_CONVERSION = YES;
				CLANG_WARN_NON_LITERAL_NULL_CONVERSION = YES;
				CLANG_WARN_OBJC_IMPLICIT_RETAIN_SELF = YES;
				CLANG_WARN_OBJC_LITERAL_CONVERSION = YES;
				CLANG_WARN_OBJC_ROOT_CLASS = YES_ERROR;
				CLANG_WARN_QUOTED_INCLUDE_IN_FRAMEWORK_HEADER = YES;
				CLANG_WARN_RANGE_LOOP_ANALYSIS = YES;
				CLANG_WARN_STRICT_PROTOTYPES = YES;
				CLANG_WARN_SUSPICIOUS_MOVE = YES;
				CLANG_WARN_UNGUARDED_AVAILABILITY = YES_AGGRESSIVE;
				CLANG_WARN_UNREACHABLE_CODE = YES;
				CLANG_WARN__DUPLICATE_METHOD_MATCH = YES;
				COPY_PHASE_STRIP = NO;
				DEBUG_INFORMATION_FORMAT = dwarf;
				ENABLE_STRICT_OBJC_MSGSEND = YES;
				ENABLE_TESTABILITY = YES;
				GCC_C_LANGUAGE_STANDARD = gnu11;
				GCC_DYNAMIC_NO_PIC = NO;
				GCC_NO_COMMON_BLOCKS = YES;
				GCC_OPTIMIZATION_LEVEL = 0;
				GCC_PREPROCESSOR_DEFINITIONS = (
					"DEBUG=1",
					"$(inherited)",
				);
				GCC_WARN_64_TO_32_BIT_CONVERSION = YES;
				GCC_WARN_ABOUT_RETURN_TYPE = YES_ERROR;
				GCC_WARN_UNDECLARED_SELECTOR = YES;
				GCC_WARN_UNINITIALIZED_AUTOS = YES_AGGRESSIVE;
				GCC_WARN_UNUSED_FUNCTION = YES;
				GCC_WARN_UNUSED_VARIABLE = YES;
				IPHONEOS_DEPLOYMENT_TARGET = 14.1;
				MTL_ENABLE_DEBUG_INFO = INCLUDE_SOURCE;
				MTL_FAST_MATH = YES;
				ONLY_ACTIVE_ARCH = YES;
				SDKROOT = iphoneos;
				SWIFT_ACTIVE_COMPILATION_CONDITIONS = DEBUG;
				SWIFT_OPTIMIZATION_LEVEL = "-Onone";
			};
			name = Debug;
		};
		1B08940025518BB0002FE163 /* Release */ = {
			isa = XCBuildConfiguration;
			buildSettings = {
				ALWAYS_SEARCH_USER_PATHS = NO;
				CLANG_ANALYZER_NONNULL = YES;
				CLANG_ANALYZER_NUMBER_OBJECT_CONVERSION = YES_AGGRESSIVE;
				CLANG_CXX_LANGUAGE_STANDARD = "gnu++14";
				CLANG_CXX_LIBRARY = "libc++";
				CLANG_ENABLE_MODULES = YES;
				CLANG_ENABLE_OBJC_ARC = YES;
				CLANG_ENABLE_OBJC_WEAK = YES;
				CLANG_WARN_BLOCK_CAPTURE_AUTORELEASING = YES;
				CLANG_WARN_BOOL_CONVERSION = YES;
				CLANG_WARN_COMMA = YES;
				CLANG_WARN_CONSTANT_CONVERSION = YES;
				CLANG_WARN_DEPRECATED_OBJC_IMPLEMENTATIONS = YES;
				CLANG_WARN_DIRECT_OBJC_ISA_USAGE = YES_ERROR;
				CLANG_WARN_DOCUMENTATION_COMMENTS = YES;
				CLANG_WARN_EMPTY_BODY = YES;
				CLANG_WARN_ENUM_CONVERSION = YES;
				CLANG_WARN_INFINITE_RECURSION = YES;
				CLANG_WARN_INT_CONVERSION = YES;
				CLANG_WARN_NON_LITERAL_NULL_CONVERSION = YES;
				CLANG_WARN_OBJC_IMPLICIT_RETAIN_SELF = YES;
				CLANG_WARN_OBJC_LITERAL_CONVERSION = YES;
				CLANG_WARN_OBJC_ROOT_CLASS = YES_ERROR;
				CLANG_WARN_QUOTED_INCLUDE_IN_FRAMEWORK_HEADER = YES;
				CLANG_WARN_RANGE_LOOP_ANALYSIS = YES;
				CLANG_WARN_STRICT_PROTOTYPES = YES;
				CLANG_WARN_SUSPICIOUS_MOVE = YES;
				CLANG_WARN_UNGUARDED_AVAILABILITY = YES_AGGRESSIVE;
				CLANG_WARN_UNREACHABLE_CODE = YES;
				CLANG_WARN__DUPLICATE_METHOD_MATCH = YES;
				COPY_PHASE_STRIP = NO;
				DEBUG_INFORMATION_FORMAT = "dwarf-with-dsym";
				ENABLE_NS_ASSERTIONS = NO;
				ENABLE_STRICT_OBJC_MSGSEND = YES;
				GCC_C_LANGUAGE_STANDARD = gnu11;
				GCC_NO_COMMON_BLOCKS = YES;
				GCC_WARN_64_TO_32_BIT_CONVERSION = YES;
				GCC_WARN_ABOUT_RETURN_TYPE = YES_ERROR;
				GCC_WARN_UNDECLARED_SELECTOR = YES;
				GCC_WARN_UNINITIALIZED_AUTOS = YES_AGGRESSIVE;
				GCC_WARN_UNUSED_FUNCTION = YES;
				GCC_WARN_UNUSED_VARIABLE = YES;
				IPHONEOS_DEPLOYMENT_TARGET = 14.1;
				MTL_ENABLE_DEBUG_INFO = NO;
				MTL_FAST_MATH = YES;
				SDKROOT = iphoneos;
				SWIFT_COMPILATION_MODE = wholemodule;
				SWIFT_OPTIMIZATION_LEVEL = "-O";
				VALIDATE_PRODUCT = YES;
			};
			name = Release;
		};
		1B08940225518BB0002FE163 /* Debug */ = {
			isa = XCBuildConfiguration;
			buildSettings = {
				ASSETCATALOG_COMPILER_APPICON_NAME = AppIcon;
				ASSETCATALOG_COMPILER_GLOBAL_ACCENT_COLOR_NAME = AccentColor;
				CODE_SIGN_STYLE = Automatic;
				DEVELOPMENT_TEAM = ATFP7VG984;
				INFOPLIST_FILE = Cash/Info.plist;
				LD_RUNPATH_SEARCH_PATHS = (
					"$(inherited)",
					"@executable_path/Frameworks",
				);
				PRODUCT_BUNDLE_IDENTIFIER = bioo.Cash;
				PRODUCT_NAME = "$(TARGET_NAME)";
				SWIFT_VERSION = 5.0;
				TARGETED_DEVICE_FAMILY = "1,2";
			};
			name = Debug;
		};
		1B08940325518BB0002FE163 /* Release */ = {
			isa = XCBuildConfiguration;
			buildSettings = {
				ASSETCATALOG_COMPILER_APPICON_NAME = AppIcon;
				ASSETCATALOG_COMPILER_GLOBAL_ACCENT_COLOR_NAME = AccentColor;
				CODE_SIGN_STYLE = Automatic;
				DEVELOPMENT_TEAM = ATFP7VG984;
				INFOPLIST_FILE = Cash/Info.plist;
				LD_RUNPATH_SEARCH_PATHS = (
					"$(inherited)",
					"@executable_path/Frameworks",
				);
				PRODUCT_BUNDLE_IDENTIFIER = bioo.Cash;
				PRODUCT_NAME = "$(TARGET_NAME)";
				SWIFT_VERSION = 5.0;
				TARGETED_DEVICE_FAMILY = "1,2";
			};
			name = Release;
		};
		1B08940525518BB0002FE163 /* Debug */ = {
			isa = XCBuildConfiguration;
			buildSettings = {
				ALWAYS_EMBED_SWIFT_STANDARD_LIBRARIES = YES;
				BUNDLE_LOADER = "$(TEST_HOST)";
				CODE_SIGN_STYLE = Automatic;
				DEVELOPMENT_TEAM = ATFP7VG984;
				INFOPLIST_FILE = CashTests/Info.plist;
				IPHONEOS_DEPLOYMENT_TARGET = 14.1;
				LD_RUNPATH_SEARCH_PATHS = (
					"$(inherited)",
					"@executable_path/Frameworks",
					"@loader_path/Frameworks",
				);
				PRODUCT_BUNDLE_IDENTIFIER = bioo.CashTests;
				PRODUCT_NAME = "$(TARGET_NAME)";
				SWIFT_VERSION = 5.0;
				TARGETED_DEVICE_FAMILY = "1,2";
				TEST_HOST = "$(BUILT_PRODUCTS_DIR)/Cash.app/Cash";
			};
			name = Debug;
		};
		1B08940625518BB0002FE163 /* Release */ = {
			isa = XCBuildConfiguration;
			buildSettings = {
				ALWAYS_EMBED_SWIFT_STANDARD_LIBRARIES = YES;
				BUNDLE_LOADER = "$(TEST_HOST)";
				CODE_SIGN_STYLE = Automatic;
				DEVELOPMENT_TEAM = ATFP7VG984;
				INFOPLIST_FILE = CashTests/Info.plist;
				IPHONEOS_DEPLOYMENT_TARGET = 14.1;
				LD_RUNPATH_SEARCH_PATHS = (
					"$(inherited)",
					"@executable_path/Frameworks",
					"@loader_path/Frameworks",
				);
				PRODUCT_BUNDLE_IDENTIFIER = bioo.CashTests;
				PRODUCT_NAME = "$(TARGET_NAME)";
				SWIFT_VERSION = 5.0;
				TARGETED_DEVICE_FAMILY = "1,2";
				TEST_HOST = "$(BUILT_PRODUCTS_DIR)/Cash.app/Cash";
			};
			name = Release;
		};
		1B08940825518BB0002FE163 /* Debug */ = {
			isa = XCBuildConfiguration;
			buildSettings = {
				ALWAYS_EMBED_SWIFT_STANDARD_LIBRARIES = YES;
				CODE_SIGN_STYLE = Automatic;
				DEVELOPMENT_TEAM = ATFP7VG984;
				INFOPLIST_FILE = CashUITests/Info.plist;
				LD_RUNPATH_SEARCH_PATHS = (
					"$(inherited)",
					"@executable_path/Frameworks",
					"@loader_path/Frameworks",
				);
				PRODUCT_BUNDLE_IDENTIFIER = bioo.CashUITests;
				PRODUCT_NAME = "$(TARGET_NAME)";
				SWIFT_VERSION = 5.0;
				TARGETED_DEVICE_FAMILY = "1,2";
				TEST_TARGET_NAME = Cash;
			};
			name = Debug;
		};
		1B08940925518BB0002FE163 /* Release */ = {
			isa = XCBuildConfiguration;
			buildSettings = {
				ALWAYS_EMBED_SWIFT_STANDARD_LIBRARIES = YES;
				CODE_SIGN_STYLE = Automatic;
				DEVELOPMENT_TEAM = ATFP7VG984;
				INFOPLIST_FILE = CashUITests/Info.plist;
				LD_RUNPATH_SEARCH_PATHS = (
					"$(inherited)",
					"@executable_path/Frameworks",
					"@loader_path/Frameworks",
				);
				PRODUCT_BUNDLE_IDENTIFIER = bioo.CashUITests;
				PRODUCT_NAME = "$(TARGET_NAME)";
				SWIFT_VERSION = 5.0;
				TARGETED_DEVICE_FAMILY = "1,2";
				TEST_TARGET_NAME = Cash;
			};
			name = Release;
		};
/* End XCBuildConfiguration section */

/* Begin XCConfigurationList section */
		1B0893CF25518BAC002FE163 /* Build configuration list for PBXProject "Cash" */ = {
			isa = XCConfigurationList;
			buildConfigurations = (
				1B0893FF25518BB0002FE163 /* Debug */,
				1B08940025518BB0002FE163 /* Release */,
			);
			defaultConfigurationIsVisible = 0;
			defaultConfigurationName = Release;
		};
		1B08940125518BB0002FE163 /* Build configuration list for PBXNativeTarget "Cash" */ = {
			isa = XCConfigurationList;
			buildConfigurations = (
				1B08940225518BB0002FE163 /* Debug */,
				1B08940325518BB0002FE163 /* Release */,
			);
			defaultConfigurationIsVisible = 0;
			defaultConfigurationName = Release;
		};
		1B08940425518BB0002FE163 /* Build configuration list for PBXNativeTarget "CashTests" */ = {
			isa = XCConfigurationList;
			buildConfigurations = (
				1B08940525518BB0002FE163 /* Debug */,
				1B08940625518BB0002FE163 /* Release */,
			);
			defaultConfigurationIsVisible = 0;
			defaultConfigurationName = Release;
		};
		1B08940725518BB0002FE163 /* Build configuration list for PBXNativeTarget "CashUITests" */ = {
			isa = XCConfigurationList;
			buildConfigurations = (
				1B08940825518BB0002FE163 /* Debug */,
				1B08940925518BB0002FE163 /* Release */,
			);
			defaultConfigurationIsVisible = 0;
			defaultConfigurationName = Release;
		};
/* End XCConfigurationList section */

/* Begin XCVersionGroup section */
		1B0893E025518BAC002FE163 /* Cash.xcdatamodeld */ = {
			isa = XCVersionGroup;
			children = (
				1B0893E125518BAC002FE163 /* Cash.xcdatamodel */,
			);
			currentVersion = 1B0893E125518BAC002FE163 /* Cash.xcdatamodel */;
			path = Cash.xcdatamodeld;
			sourceTree = "<group>";
			versionGroupType = wrapper.xcdatamodel;
		};
/* End XCVersionGroup section */
	};
	rootObject = 1B0893CC25518BAC002FE163 /* Project object */;
}
